// !$*UTF8*$!
{
	archiveVersion = 1;
	classes = {
	};
	objectVersion = 55;
	objects = {

/* Begin PBXBuildFile section */
		E41426232861526F00621B1B /* AppDelegate.swift in Sources */ = {isa = PBXBuildFile; fileRef = E41426222861526F00621B1B /* AppDelegate.swift */; };
		E41426252861526F00621B1B /* SceneDelegate.swift in Sources */ = {isa = PBXBuildFile; fileRef = E41426242861526F00621B1B /* SceneDelegate.swift */; };
		E41426272861526F00621B1B /* ViewController.swift in Sources */ = {isa = PBXBuildFile; fileRef = E41426262861526F00621B1B /* ViewController.swift */; };
		E414262A2861526F00621B1B /* Main.storyboard in Resources */ = {isa = PBXBuildFile; fileRef = E41426282861526F00621B1B /* Main.storyboard */; };
		E414262C2861527000621B1B /* Assets.xcassets in Resources */ = {isa = PBXBuildFile; fileRef = E414262B2861527000621B1B /* Assets.xcassets */; };
		E414262F2861527000621B1B /* LaunchScreen.storyboard in Resources */ = {isa = PBXBuildFile; fileRef = E414262D2861527000621B1B /* LaunchScreen.storyboard */; };
		E414263A286153CE00621B1B /* Crypto.swift in Sources */ = {isa = PBXBuildFile; fileRef = E4142639286153CE00621B1B /* Crypto.swift */; };
		E414263C286153FB00621B1B /* Wallet.swift in Sources */ = {isa = PBXBuildFile; fileRef = E414263B286153FB00621B1B /* Wallet.swift */; };
		E414263E2861541800621B1B /* Exchange.swift in Sources */ = {isa = PBXBuildFile; fileRef = E414263D2861541800621B1B /* Exchange.swift */; };
		E4142648286156C400621B1B /* SRPViewController.swift in Sources */ = {isa = PBXBuildFile; fileRef = E4142647286156C400621B1B /* SRPViewController.swift */; };
		E414264A286156D900621B1B /* SRPView.swift in Sources */ = {isa = PBXBuildFile; fileRef = E4142649286156D900621B1B /* SRPView.swift */; };
		E414264C286156E900621B1B /* SRPInteractor.swift in Sources */ = {isa = PBXBuildFile; fileRef = E414264B286156E900621B1B /* SRPInteractor.swift */; };
		E414264E286156F800621B1B /* SRPPresenter.swift in Sources */ = {isa = PBXBuildFile; fileRef = E414264D286156F800621B1B /* SRPPresenter.swift */; };
		E4A978DE2862A3FF0063668D /* NetworkLog.swift in Sources */ = {isa = PBXBuildFile; fileRef = E4A978DB2862A3FF0063668D /* NetworkLog.swift */; };
		E4A978DF2862A3FF0063668D /* AnalyticsLog.swift in Sources */ = {isa = PBXBuildFile; fileRef = E4A978DC2862A3FF0063668D /* AnalyticsLog.swift */; };
		E4A978E02862A3FF0063668D /* Log.swift in Sources */ = {isa = PBXBuildFile; fileRef = E4A978DD2862A3FF0063668D /* Log.swift */; };
		E4A978E22862A4080063668D /* README-OCP.md in Resources */ = {isa = PBXBuildFile; fileRef = E4A978E12862A4080063668D /* README-OCP.md */; };
/* End PBXBuildFile section */

/* Begin PBXFileReference section */
		E414261F2861526F00621B1B /* Solid-sample.app */ = {isa = PBXFileReference; explicitFileType = wrapper.application; includeInIndex = 0; path = "Solid-sample.app"; sourceTree = BUILT_PRODUCTS_DIR; };
		E41426222861526F00621B1B /* AppDelegate.swift */ = {isa = PBXFileReference; lastKnownFileType = sourcecode.swift; path = AppDelegate.swift; sourceTree = "<group>"; };
		E41426242861526F00621B1B /* SceneDelegate.swift */ = {isa = PBXFileReference; lastKnownFileType = sourcecode.swift; path = SceneDelegate.swift; sourceTree = "<group>"; };
		E41426262861526F00621B1B /* ViewController.swift */ = {isa = PBXFileReference; lastKnownFileType = sourcecode.swift; path = ViewController.swift; sourceTree = "<group>"; };
		E41426292861526F00621B1B /* Base */ = {isa = PBXFileReference; lastKnownFileType = file.storyboard; name = Base; path = Base.lproj/Main.storyboard; sourceTree = "<group>"; };
		E414262B2861527000621B1B /* Assets.xcassets */ = {isa = PBXFileReference; lastKnownFileType = folder.assetcatalog; path = Assets.xcassets; sourceTree = "<group>"; };
		E414262E2861527000621B1B /* Base */ = {isa = PBXFileReference; lastKnownFileType = file.storyboard; name = Base; path = Base.lproj/LaunchScreen.storyboard; sourceTree = "<group>"; };
		E41426302861527000621B1B /* Info.plist */ = {isa = PBXFileReference; lastKnownFileType = text.plist.xml; path = Info.plist; sourceTree = "<group>"; };
		E4142639286153CE00621B1B /* Crypto.swift */ = {isa = PBXFileReference; lastKnownFileType = sourcecode.swift; path = Crypto.swift; sourceTree = "<group>"; };
		E414263B286153FB00621B1B /* Wallet.swift */ = {isa = PBXFileReference; lastKnownFileType = sourcecode.swift; path = Wallet.swift; sourceTree = "<group>"; };
		E414263D2861541800621B1B /* Exchange.swift */ = {isa = PBXFileReference; lastKnownFileType = sourcecode.swift; path = Exchange.swift; sourceTree = "<group>"; };
		E414263F2861546800621B1B /* README.md */ = {isa = PBXFileReference; lastKnownFileType = net.daringfireball.markdown; path = README.md; sourceTree = "<group>"; };
		E4142647286156C400621B1B /* SRPViewController.swift */ = {isa = PBXFileReference; lastKnownFileType = sourcecode.swift; path = SRPViewController.swift; sourceTree = "<group>"; };
		E4142649286156D900621B1B /* SRPView.swift */ = {isa = PBXFileReference; lastKnownFileType = sourcecode.swift; path = SRPView.swift; sourceTree = "<group>"; };
		E414264B286156E900621B1B /* SRPInteractor.swift */ = {isa = PBXFileReference; lastKnownFileType = sourcecode.swift; path = SRPInteractor.swift; sourceTree = "<group>"; };
		E414264D286156F800621B1B /* SRPPresenter.swift */ = {isa = PBXFileReference; lastKnownFileType = sourcecode.swift; path = SRPPresenter.swift; sourceTree = "<group>"; };
		E4A978DB2862A3FF0063668D /* NetworkLog.swift */ = {isa = PBXFileReference; fileEncoding = 4; lastKnownFileType = sourcecode.swift; name = NetworkLog.swift; path = "Solid-sample/Scenes/OCP/Model/NetworkLog.swift"; sourceTree = SOURCE_ROOT; };
		E4A978DC2862A3FF0063668D /* AnalyticsLog.swift */ = {isa = PBXFileReference; fileEncoding = 4; lastKnownFileType = sourcecode.swift; name = AnalyticsLog.swift; path = "Solid-sample/Scenes/OCP/Model/AnalyticsLog.swift"; sourceTree = SOURCE_ROOT; };
		E4A978DD2862A3FF0063668D /* Log.swift */ = {isa = PBXFileReference; fileEncoding = 4; lastKnownFileType = sourcecode.swift; name = Log.swift; path = "Solid-sample/Scenes/OCP/Model/Log.swift"; sourceTree = SOURCE_ROOT; };
		E4A978E12862A4080063668D /* README-OCP.md */ = {isa = PBXFileReference; fileEncoding = 4; lastKnownFileType = net.daringfireball.markdown; name = "README-OCP.md"; path = "Solid-sample/Scenes/OCP/README-OCP.md"; sourceTree = SOURCE_ROOT; };
/* End PBXFileReference section */

/* Begin PBXFrameworksBuildPhase section */
		E414261C2861526F00621B1B /* Frameworks */ = {
			isa = PBXFrameworksBuildPhase;
			buildActionMask = 2147483647;
			files = (
			);
			runOnlyForDeploymentPostprocessing = 0;
		};
/* End PBXFrameworksBuildPhase section */

/* Begin PBXGroup section */
		E41426162861526F00621B1B = {
			isa = PBXGroup;
			children = (
				E41426212861526F00621B1B /* Solid-sample */,
				E41426202861526F00621B1B /* Products */,
			);
			sourceTree = "<group>";
		};
		E41426202861526F00621B1B /* Products */ = {
			isa = PBXGroup;
			children = (
				E414261F2861526F00621B1B /* Solid-sample.app */,
			);
			name = Products;
			sourceTree = "<group>";
		};
		E41426212861526F00621B1B /* Solid-sample */ = {
			isa = PBXGroup;
			children = (
				E41426302861527000621B1B /* Info.plist */,
				E414262B2861527000621B1B /* Assets.xcassets */,
				E414262D2861527000621B1B /* LaunchScreen.storyboard */,
				E41426462861554E00621B1B /* Scenes */,
			);
			path = "Solid-sample";
			sourceTree = "<group>";
		};
		E41426362861527500621B1B /* SRP */ = {
			isa = PBXGroup;
			children = (
				E414263F2861546800621B1B /* README.md */,
				E41426452861554200621B1B /* Presenter */,
				E41426442861552600621B1B /* ViewController */,
				E41426432861551700621B1B /* Interactor */,
				E4142641286154C100621B1B /* View */,
				E4142640286154AA00621B1B /* Model */,
			);
			path = SRP;
			sourceTree = "<group>";
		};
		E4142640286154AA00621B1B /* Model */ = {
			isa = PBXGroup;
			children = (
				E4142639286153CE00621B1B /* Crypto.swift */,
				E414263B286153FB00621B1B /* Wallet.swift */,
				E414263D2861541800621B1B /* Exchange.swift */,
			);
			path = Model;
			sourceTree = "<group>";
		};
		E4142641286154C100621B1B /* View */ = {
			isa = PBXGroup;
			children = (
				E4142649286156D900621B1B /* SRPView.swift */,
			);
			path = View;
			sourceTree = "<group>";
		};
		E4142642286154D100621B1B /* Sample */ = {
			isa = PBXGroup;
			children = (
				E41426222861526F00621B1B /* AppDelegate.swift */,
				E41426242861526F00621B1B /* SceneDelegate.swift */,
				E41426262861526F00621B1B /* ViewController.swift */,
				E41426282861526F00621B1B /* Main.storyboard */,
			);
			path = Sample;
			sourceTree = "<group>";
		};
		E41426432861551700621B1B /* Interactor */ = {
			isa = PBXGroup;
			children = (
				E414264B286156E900621B1B /* SRPInteractor.swift */,
			);
			path = Interactor;
			sourceTree = "<group>";
		};
		E41426442861552600621B1B /* ViewController */ = {
			isa = PBXGroup;
			children = (
				E4142647286156C400621B1B /* SRPViewController.swift */,
			);
			path = ViewController;
			sourceTree = "<group>";
		};
		E41426452861554200621B1B /* Presenter */ = {
			isa = PBXGroup;
			children = (
				E414264D286156F800621B1B /* SRPPresenter.swift */,
			);
			path = Presenter;
			sourceTree = "<group>";
		};
		E41426462861554E00621B1B /* Scenes */ = {
			isa = PBXGroup;
			children = (
				E4A978D32862A3AF0063668D /* OCP */,
				E4142642286154D100621B1B /* Sample */,
				E41426362861527500621B1B /* SRP */,
			);
			path = Scenes;
			sourceTree = "<group>";
		};
		E4A978D32862A3AF0063668D /* OCP */ = {
			isa = PBXGroup;
			children = (
				E4A978E12862A4080063668D /* README-OCP.md */,
				E4A978DA2862A3C00063668D /* Model */,
			);
			name = OCP;
			path = "New Group";
			sourceTree = "<group>";
		};
		E4A978DA2862A3C00063668D /* Model */ = {
			isa = PBXGroup;
			children = (
				E4A978DC2862A3FF0063668D /* AnalyticsLog.swift */,
				E4A978DD2862A3FF0063668D /* Log.swift */,
				E4A978DB2862A3FF0063668D /* NetworkLog.swift */,
			);
			path = Model;
			sourceTree = "<group>";
		};
/* End PBXGroup section */

/* Begin PBXNativeTarget section */
		E414261E2861526F00621B1B /* Solid-sample */ = {
			isa = PBXNativeTarget;
			buildConfigurationList = E41426332861527000621B1B /* Build configuration list for PBXNativeTarget "Solid-sample" */;
			buildPhases = (
				E414261B2861526F00621B1B /* Sources */,
				E414261C2861526F00621B1B /* Frameworks */,
				E414261D2861526F00621B1B /* Resources */,
			);
			buildRules = (
			);
			dependencies = (
			);
			name = "Solid-sample";
			productName = "Solid-sample";
			productReference = E414261F2861526F00621B1B /* Solid-sample.app */;
			productType = "com.apple.product-type.application";
		};
/* End PBXNativeTarget section */

/* Begin PBXProject section */
		E41426172861526F00621B1B /* Project object */ = {
			isa = PBXProject;
			attributes = {
				BuildIndependentTargetsInParallel = 1;
				LastSwiftUpdateCheck = 1340;
				LastUpgradeCheck = 1340;
				TargetAttributes = {
					E414261E2861526F00621B1B = {
						CreatedOnToolsVersion = 13.4.1;
					};
				};
			};
			buildConfigurationList = E414261A2861526F00621B1B /* Build configuration list for PBXProject "Solid-sample" */;
			compatibilityVersion = "Xcode 13.0";
			developmentRegion = en;
			hasScannedForEncodings = 0;
			knownRegions = (
				en,
				Base,
			);
			mainGroup = E41426162861526F00621B1B;
			productRefGroup = E41426202861526F00621B1B /* Products */;
			projectDirPath = "";
			projectRoot = "";
			targets = (
				E414261E2861526F00621B1B /* Solid-sample */,
			);
		};
/* End PBXProject section */

/* Begin PBXResourcesBuildPhase section */
		E414261D2861526F00621B1B /* Resources */ = {
			isa = PBXResourcesBuildPhase;
			buildActionMask = 2147483647;
			files = (
				E414262F2861527000621B1B /* LaunchScreen.storyboard in Resources */,
				E4A978E22862A4080063668D /* README-OCP.md in Resources */,
				E414262C2861527000621B1B /* Assets.xcassets in Resources */,
				E414262A2861526F00621B1B /* Main.storyboard in Resources */,
			);
			runOnlyForDeploymentPostprocessing = 0;
		};
/* End PBXResourcesBuildPhase section */

/* Begin PBXSourcesBuildPhase section */
		E414261B2861526F00621B1B /* Sources */ = {
			isa = PBXSourcesBuildPhase;
			buildActionMask = 2147483647;
			files = (
				E414264A286156D900621B1B /* SRPView.swift in Sources */,
				E414263C286153FB00621B1B /* Wallet.swift in Sources */,
				E4A978E02862A3FF0063668D /* Log.swift in Sources */,
				E41426272861526F00621B1B /* ViewController.swift in Sources */,
				E4A978DF2862A3FF0063668D /* AnalyticsLog.swift in Sources */,
				E414263A286153CE00621B1B /* Crypto.swift in Sources */,
				E41426232861526F00621B1B /* AppDelegate.swift in Sources */,
				E41426252861526F00621B1B /* SceneDelegate.swift in Sources */,
				E4142648286156C400621B1B /* SRPViewController.swift in Sources */,
				E414263E2861541800621B1B /* Exchange.swift in Sources */,
				E414264E286156F800621B1B /* SRPPresenter.swift in Sources */,
				E414264C286156E900621B1B /* SRPInteractor.swift in Sources */,
				E4A978DE2862A3FF0063668D /* NetworkLog.swift in Sources */,
			);
			runOnlyForDeploymentPostprocessing = 0;
		};
/* End PBXSourcesBuildPhase section */

/* Begin PBXVariantGroup section */
		E41426282861526F00621B1B /* Main.storyboard */ = {
			isa = PBXVariantGroup;
			children = (
				E41426292861526F00621B1B /* Base */,
			);
			name = Main.storyboard;
			sourceTree = "<group>";
		};
		E414262D2861527000621B1B /* LaunchScreen.storyboard */ = {
			isa = PBXVariantGroup;
			children = (
				E414262E2861527000621B1B /* Base */,
			);
			name = LaunchScreen.storyboard;
			sourceTree = "<group>";
		};
/* End PBXVariantGroup section */

/* Begin XCBuildConfiguration section */
		E41426312861527000621B1B /* Debug */ = {
			isa = XCBuildConfiguration;
			buildSettings = {
				ALWAYS_SEARCH_USER_PATHS = NO;
				CLANG_ANALYZER_NONNULL = YES;
				CLANG_ANALYZER_NUMBER_OBJECT_CONVERSION = YES_AGGRESSIVE;
				CLANG_CXX_LANGUAGE_STANDARD = "gnu++17";
				CLANG_ENABLE_MODULES = YES;
				CLANG_ENABLE_OBJC_ARC = YES;
				CLANG_ENABLE_OBJC_WEAK = YES;
				CLANG_WARN_BLOCK_CAPTURE_AUTORELEASING = YES;
				CLANG_WARN_BOOL_CONVERSION = YES;
				CLANG_WARN_COMMA = YES;
				CLANG_WARN_CONSTANT_CONVERSION = YES;
				CLANG_WARN_DEPRECATED_OBJC_IMPLEMENTATIONS = YES;
				CLANG_WARN_DIRECT_OBJC_ISA_USAGE = YES_ERROR;
				CLANG_WARN_DOCUMENTATION_COMMENTS = YES;
				CLANG_WARN_EMPTY_BODY = YES;
				CLANG_WARN_ENUM_CONVERSION = YES;
				CLANG_WARN_INFINITE_RECURSION = YES;
				CLANG_WARN_INT_CONVERSION = YES;
				CLANG_WARN_NON_LITERAL_NULL_CONVERSION = YES;
				CLANG_WARN_OBJC_IMPLICIT_RETAIN_SELF = YES;
				CLANG_WARN_OBJC_LITERAL_CONVERSION = YES;
				CLANG_WARN_OBJC_ROOT_CLASS = YES_ERROR;
				CLANG_WARN_QUOTED_INCLUDE_IN_FRAMEWORK_HEADER = YES;
				CLANG_WARN_RANGE_LOOP_ANALYSIS = YES;
				CLANG_WARN_STRICT_PROTOTYPES = YES;
				CLANG_WARN_SUSPICIOUS_MOVE = YES;
				CLANG_WARN_UNGUARDED_AVAILABILITY = YES_AGGRESSIVE;
				CLANG_WARN_UNREACHABLE_CODE = YES;
				CLANG_WARN__DUPLICATE_METHOD_MATCH = YES;
				COPY_PHASE_STRIP = NO;
				DEBUG_INFORMATION_FORMAT = dwarf;
				ENABLE_STRICT_OBJC_MSGSEND = YES;
				ENABLE_TESTABILITY = YES;
				GCC_C_LANGUAGE_STANDARD = gnu11;
				GCC_DYNAMIC_NO_PIC = NO;
				GCC_NO_COMMON_BLOCKS = YES;
				GCC_OPTIMIZATION_LEVEL = 0;
				GCC_PREPROCESSOR_DEFINITIONS = (
					"DEBUG=1",
					"$(inherited)",
				);
				GCC_WARN_64_TO_32_BIT_CONVERSION = YES;
				GCC_WARN_ABOUT_RETURN_TYPE = YES_ERROR;
				GCC_WARN_UNDECLARED_SELECTOR = YES;
				GCC_WARN_UNINITIALIZED_AUTOS = YES_AGGRESSIVE;
				GCC_WARN_UNUSED_FUNCTION = YES;
				GCC_WARN_UNUSED_VARIABLE = YES;
				IPHONEOS_DEPLOYMENT_TARGET = 15.5;
				MTL_ENABLE_DEBUG_INFO = INCLUDE_SOURCE;
				MTL_FAST_MATH = YES;
				ONLY_ACTIVE_ARCH = YES;
				SDKROOT = iphoneos;
				SWIFT_ACTIVE_COMPILATION_CONDITIONS = DEBUG;
				SWIFT_OPTIMIZATION_LEVEL = "-Onone";
			};
			name = Debug;
		};
		E41426322861527000621B1B /* Release */ = {
			isa = XCBuildConfiguration;
			buildSettings = {
				ALWAYS_SEARCH_USER_PATHS = NO;
				CLANG_ANALYZER_NONNULL = YES;
				CLANG_ANALYZER_NUMBER_OBJECT_CONVERSION = YES_AGGRESSIVE;
				CLANG_CXX_LANGUAGE_STANDARD = "gnu++17";
				CLANG_ENABLE_MODULES = YES;
				CLANG_ENABLE_OBJC_ARC = YES;
				CLANG_ENABLE_OBJC_WEAK = YES;
				CLANG_WARN_BLOCK_CAPTURE_AUTORELEASING = YES;
				CLANG_WARN_BOOL_CONVERSION = YES;
				CLANG_WARN_COMMA = YES;
				CLANG_WARN_CONSTANT_CONVERSION = YES;
				CLANG_WARN_DEPRECATED_OBJC_IMPLEMENTATIONS = YES;
				CLANG_WARN_DIRECT_OBJC_ISA_USAGE = YES_ERROR;
				CLANG_WARN_DOCUMENTATION_COMMENTS = YES;
				CLANG_WARN_EMPTY_BODY = YES;
				CLANG_WARN_ENUM_CONVERSION = YES;
				CLANG_WARN_INFINITE_RECURSION = YES;
				CLANG_WARN_INT_CONVERSION = YES;
				CLANG_WARN_NON_LITERAL_NULL_CONVERSION = YES;
				CLANG_WARN_OBJC_IMPLICIT_RETAIN_SELF = YES;
				CLANG_WARN_OBJC_LITERAL_CONVERSION = YES;
				CLANG_WARN_OBJC_ROOT_CLASS = YES_ERROR;
				CLANG_WARN_QUOTED_INCLUDE_IN_FRAMEWORK_HEADER = YES;
				CLANG_WARN_RANGE_LOOP_ANALYSIS = YES;
				CLANG_WARN_STRICT_PROTOTYPES = YES;
				CLANG_WARN_SUSPICIOUS_MOVE = YES;
				CLANG_WARN_UNGUARDED_AVAILABILITY = YES_AGGRESSIVE;
				CLANG_WARN_UNREACHABLE_CODE = YES;
				CLANG_WARN__DUPLICATE_METHOD_MATCH = YES;
				COPY_PHASE_STRIP = NO;
				DEBUG_INFORMATION_FORMAT = "dwarf-with-dsym";
				ENABLE_NS_ASSERTIONS = NO;
				ENABLE_STRICT_OBJC_MSGSEND = YES;
				GCC_C_LANGUAGE_STANDARD = gnu11;
				GCC_NO_COMMON_BLOCKS = YES;
				GCC_WARN_64_TO_32_BIT_CONVERSION = YES;
				GCC_WARN_ABOUT_RETURN_TYPE = YES_ERROR;
				GCC_WARN_UNDECLARED_SELECTOR = YES;
				GCC_WARN_UNINITIALIZED_AUTOS = YES_AGGRESSIVE;
				GCC_WARN_UNUSED_FUNCTION = YES;
				GCC_WARN_UNUSED_VARIABLE = YES;
				IPHONEOS_DEPLOYMENT_TARGET = 15.5;
				MTL_ENABLE_DEBUG_INFO = NO;
				MTL_FAST_MATH = YES;
				SDKROOT = iphoneos;
				SWIFT_COMPILATION_MODE = wholemodule;
				SWIFT_OPTIMIZATION_LEVEL = "-O";
				VALIDATE_PRODUCT = YES;
			};
			name = Release;
		};
		E41426342861527000621B1B /* Debug */ = {
			isa = XCBuildConfiguration;
			buildSettings = {
				ASSETCATALOG_COMPILER_APPICON_NAME = AppIcon;
				ASSETCATALOG_COMPILER_GLOBAL_ACCENT_COLOR_NAME = AccentColor;
				CODE_SIGN_STYLE = Automatic;
				CURRENT_PROJECT_VERSION = 1;
				GENERATE_INFOPLIST_FILE = YES;
				INFOPLIST_FILE = "Solid-sample/Info.plist";
				INFOPLIST_KEY_UIApplicationSupportsIndirectInputEvents = YES;
				INFOPLIST_KEY_UILaunchStoryboardName = LaunchScreen;
				INFOPLIST_KEY_UIMainStoryboardFile = Main;
				INFOPLIST_KEY_UISupportedInterfaceOrientations_iPad = "UIInterfaceOrientationPortrait UIInterfaceOrientationPortraitUpsideDown UIInterfaceOrientationLandscapeLeft UIInterfaceOrientationLandscapeRight";
				INFOPLIST_KEY_UISupportedInterfaceOrientations_iPhone = "UIInterfaceOrientationPortrait UIInterfaceOrientationLandscapeLeft UIInterfaceOrientationLandscapeRight";
				LD_RUNPATH_SEARCH_PATHS = (
					"$(inherited)",
					"@executable_path/Frameworks",
				);
				MARKETING_VERSION = 1.0;
				PRODUCT_BUNDLE_IDENTIFIER = "com.juanmjr.Solid-sample";
				PRODUCT_NAME = "$(TARGET_NAME)";
				SWIFT_EMIT_LOC_STRINGS = YES;
				SWIFT_VERSION = 5.0;
				TARGETED_DEVICE_FAMILY = "1,2";
			};
			name = Debug;
		};
		E41426352861527000621B1B /* Release */ = {
			isa = XCBuildConfiguration;
			buildSettings = {
				ASSETCATALOG_COMPILER_APPICON_NAME = AppIcon;
				ASSETCATALOG_COMPILER_GLOBAL_ACCENT_COLOR_NAME = AccentColor;
				CODE_SIGN_STYLE = Automatic;
				CURRENT_PROJECT_VERSION = 1;
				GENERATE_INFOPLIST_FILE = YES;
				INFOPLIST_FILE = "Solid-sample/Info.plist";
				INFOPLIST_KEY_UIApplicationSupportsIndirectInputEvents = YES;
				INFOPLIST_KEY_UILaunchStoryboardName = LaunchScreen;
				INFOPLIST_KEY_UIMainStoryboardFile = Main;
				INFOPLIST_KEY_UISupportedInterfaceOrientations_iPad = "UIInterfaceOrientationPortrait UIInterfaceOrientationPortraitUpsideDown UIInterfaceOrientationLandscapeLeft UIInterfaceOrientationLandscapeRight";
				INFOPLIST_KEY_UISupportedInterfaceOrientations_iPhone = "UIInterfaceOrientationPortrait UIInterfaceOrientationLandscapeLeft UIInterfaceOrientationLandscapeRight";
				LD_RUNPATH_SEARCH_PATHS = (
					"$(inherited)",
					"@executable_path/Frameworks",
				);
				MARKETING_VERSION = 1.0;
				PRODUCT_BUNDLE_IDENTIFIER = "com.juanmjr.Solid-sample";
				PRODUCT_NAME = "$(TARGET_NAME)";
				SWIFT_EMIT_LOC_STRINGS = YES;
				SWIFT_VERSION = 5.0;
				TARGETED_DEVICE_FAMILY = "1,2";
			};
			name = Release;
		};
/* End XCBuildConfiguration section */

/* Begin XCConfigurationList section */
		E414261A2861526F00621B1B /* Build configuration list for PBXProject "Solid-sample" */ = {
			isa = XCConfigurationList;
			buildConfigurations = (
				E41426312861527000621B1B /* Debug */,
				E41426322861527000621B1B /* Release */,
			);
			defaultConfigurationIsVisible = 0;
			defaultConfigurationName = Release;
		};
		E41426332861527000621B1B /* Build configuration list for PBXNativeTarget "Solid-sample" */ = {
			isa = XCConfigurationList;
			buildConfigurations = (
				E41426342861527000621B1B /* Debug */,
				E41426352861527000621B1B /* Release */,
			);
			defaultConfigurationIsVisible = 0;
			defaultConfigurationName = Release;
		};
/* End XCConfigurationList section */
	};
	rootObject = E41426172861526F00621B1B /* Project object */;
}
